
Microsoft Visual Studio Solution File, Format Version 12.00
# Visual Studio 15
VisualStudioVersion = 15.0.28307.572
MinimumVisualStudioVersion = 10.0.40219.1
Project("{8BC9CEB8-8B4A-11D0-8D11-00A0C91BC942}") = "assignment", "assignment\assignment.vcxproj", "{BBC403B3-3538-4CA8-B518-DAB1C235F881}"
EndProject
Global
	GlobalSection(SolutionConfigurationPlatforms) = preSolution
		Debug|x64 = Debug|x64
		Debug|x86 = Debug|x86
		Release|x64 = Release|x64
		Release|x86 = Release|x86
	EndGlobalSection
	GlobalSection(ProjectConfigurationPlatforms) = postSolution
		{BBC403B3-3538-4CA8-B518-DAB1C235F881}.Debug|x64.ActiveCfg = Debug|x64
		{BBC403B3-3538-4CA8-B518-DAB1C235F881}.Debug|x64.Build.0 = Debug|x64
		{BBC403B3-3538-4CA8-B518-DAB1C235F881}.Debug|x86.ActiveCfg = Debug|Win32
		{BBC403B3-3538-4CA8-B518-DAB1C235F881}.Debug|x86.Build.0 = Debug|Win32
		{BBC403B3-3538-4CA8-B518-DAB1C235F881}.Release|x64.ActiveCfg = Release|x64
		{BBC403B3-3538-4CA8-B518-DAB1C235F881}.Release|x64.Build.0 = Release|x64
		{BBC403B3-3538-4CA8-B518-DAB1C235F881}.Release|x86.ActiveCfg = Release|Win32
		{BBC403B3-3538-4CA8-B518-DAB1C235F881}.Release|x86.Build.0 = Release|Win32
	EndGlobalSection
	GlobalSection(SolutionProperties) = preSolution
		HideSolutionNode = FALSE
	EndGlobalSection
	GlobalSection(ExtensibilityGlobals) = postSolution
		SolutionGuid = {F532CC80-B66C-4AFE-A3B0-90EE33FA31BC}
	EndGlobalSection
EndGlobal
