
Microsoft Visual Studio Solution File, Format Version 12.00
# Visual Studio 15
VisualStudioVersion = 15.0.28307.645
MinimumVisualStudioVersion = 10.0.40219.1
Project("{8BC9CEB8-8B4A-11D0-8D11-00A0C91BC942}") = "assignment", "assignment\assignment.vcxproj", "{8222110A-C34F-4668-89C8-C2F80DF7FD1B}"
EndProject
Global
	GlobalSection(SolutionConfigurationPlatforms) = preSolution
		Debug|x64 = Debug|x64
		Debug|x86 = Debug|x86
		Release|x64 = Release|x64
		Release|x86 = Release|x86
	EndGlobalSection
	GlobalSection(ProjectConfigurationPlatforms) = postSolution
		{8222110A-C34F-4668-89C8-C2F80DF7FD1B}.Debug|x64.ActiveCfg = Debug|x64
		{8222110A-C34F-4668-89C8-C2F80DF7FD1B}.Debug|x64.Build.0 = Debug|x64
		{8222110A-C34F-4668-89C8-C2F80DF7FD1B}.Debug|x86.ActiveCfg = Debug|Win32
		{8222110A-C34F-4668-89C8-C2F80DF7FD1B}.Debug|x86.Build.0 = Debug|Win32
		{8222110A-C34F-4668-89C8-C2F80DF7FD1B}.Release|x64.ActiveCfg = Release|x64
		{8222110A-C34F-4668-89C8-C2F80DF7FD1B}.Release|x64.Build.0 = Release|x64
		{8222110A-C34F-4668-89C8-C2F80DF7FD1B}.Release|x86.ActiveCfg = Release|Win32
		{8222110A-C34F-4668-89C8-C2F80DF7FD1B}.Release|x86.Build.0 = Release|Win32
	EndGlobalSection
	GlobalSection(SolutionProperties) = preSolution
		HideSolutionNode = FALSE
	EndGlobalSection
	GlobalSection(ExtensibilityGlobals) = postSolution
		SolutionGuid = {D2577D91-6D8E-4864-94E3-E205E224A6F8}
	EndGlobalSection
EndGlobal
